
Microsoft Visual Studio Solution File, Format Version 12.00
# Visual Studio Version 16
VisualStudioVersion = 16.0.30011.22
MinimumVisualStudioVersion = 10.0.40219.1
Project("{FAE04EC0-301F-11D3-BF4B-00C04F79EFBC}") = "SpeedCubeTimer", "SpeedCubeTimer\SpeedCubeTimer.csproj", "{8590AD77-1E5C-4DFA-9121-378F28F5ABBF}"
EndProject
Global
	GlobalSection(SolutionConfigurationPlatforms) = preSolution
		Debug|Any CPU = Debug|Any CPU
		Release|Any CPU = Release|Any CPU
	EndGlobalSection
	GlobalSection(ProjectConfigurationPlatforms) = postSolution
		{8590AD77-1E5C-4DFA-9121-378F28F5ABBF}.Debug|Any CPU.ActiveCfg = Debug|Any CPU
		{8590AD77-1E5C-4DFA-9121-378F28F5ABBF}.Debug|Any CPU.Build.0 = Debug|Any CPU
		{8590AD77-1E5C-4DFA-9121-378F28F5ABBF}.Release|Any CPU.ActiveCfg = Release|Any CPU
		{8590AD77-1E5C-4DFA-9121-378F28F5ABBF}.Release|Any CPU.Build.0 = Release|Any CPU
	EndGlobalSection
	GlobalSection(SolutionProperties) = preSolution
		HideSolutionNode = FALSE
	EndGlobalSection
	GlobalSection(ExtensibilityGlobals) = postSolution
		SolutionGuid = {45D74F57-1D6A-4661-9D29-9FC9A9DC3D7C}
	EndGlobalSection
EndGlobal
